// !$*UTF8*$!
{
	archiveVersion = 1;
	classes = {
	};
	objectVersion = 56;
	objects = {

/* Begin PBXBuildFile section */
		0E34B8DA298E5FE2005D3F67 /* GPUImage.docc in Sources */ = {isa = PBXBuildFile; fileRef = 0E34B8D9298E5FE2005D3F67 /* GPUImage.docc */; };
		0E34B8E0298E5FE2005D3F67 /* GPUImage.framework in Frameworks */ = {isa = PBXBuildFile; fileRef = 0E34B8D5298E5FE2005D3F67 /* GPUImage.framework */; };
		0E34B8E5298E5FE2005D3F67 /* GPUImageTests.swift in Sources */ = {isa = PBXBuildFile; fileRef = 0E34B8E4298E5FE2005D3F67 /* GPUImageTests.swift */; };
		0E34B8E6298E5FE2005D3F67 /* GPUImage.h in Headers */ = {isa = PBXBuildFile; fileRef = 0E34B8D8298E5FE2005D3F67 /* GPUImage.h */; settings = {ATTRIBUTES = (Public, ); }; };
/* End PBXBuildFile section */

/* Begin PBXContainerItemProxy section */
		0E34B8E1298E5FE2005D3F67 /* PBXContainerItemProxy */ = {
			isa = PBXContainerItemProxy;
			containerPortal = 0E34B8CC298E5FE2005D3F67 /* Project object */;
			proxyType = 1;
			remoteGlobalIDString = 0E34B8D4298E5FE2005D3F67;
			remoteInfo = GPUImage;
		};
/* End PBXContainerItemProxy section */

/* Begin PBXFileReference section */
		0E34B8D5298E5FE2005D3F67 /* GPUImage.framework */ = {isa = PBXFileReference; explicitFileType = wrapper.framework; includeInIndex = 0; path = GPUImage.framework; sourceTree = BUILT_PRODUCTS_DIR; };
		0E34B8D8298E5FE2005D3F67 /* GPUImage.h */ = {isa = PBXFileReference; lastKnownFileType = sourcecode.c.h; path = GPUImage.h; sourceTree = "<group>"; };
		0E34B8D9298E5FE2005D3F67 /* GPUImage.docc */ = {isa = PBXFileReference; lastKnownFileType = folder.documentationcatalog; path = GPUImage.docc; sourceTree = "<group>"; };
		0E34B8DF298E5FE2005D3F67 /* GPUImageTests.xctest */ = {isa = PBXFileReference; explicitFileType = wrapper.cfbundle; includeInIndex = 0; path = GPUImageTests.xctest; sourceTree = BUILT_PRODUCTS_DIR; };
		0E34B8E4298E5FE2005D3F67 /* GPUImageTests.swift */ = {isa = PBXFileReference; lastKnownFileType = sourcecode.swift; path = GPUImageTests.swift; sourceTree = "<group>"; };
/* End PBXFileReference section */

/* Begin PBXFrameworksBuildPhase section */
		0E34B8D2298E5FE2005D3F67 /* Frameworks */ = {
			isa = PBXFrameworksBuildPhase;
			buildActionMask = 2147483647;
			files = (
			);
			runOnlyForDeploymentPostprocessing = 0;
		};
		0E34B8DC298E5FE2005D3F67 /* Frameworks */ = {
			isa = PBXFrameworksBuildPhase;
			buildActionMask = 2147483647;
			files = (
				0E34B8E0298E5FE2005D3F67 /* GPUImage.framework in Frameworks */,
			);
			runOnlyForDeploymentPostprocessing = 0;
		};
/* End PBXFrameworksBuildPhase section */

/* Begin PBXGroup section */
		0E34B8CB298E5FE2005D3F67 = {
			isa = PBXGroup;
			children = (
				0E34B8F8298E600B005D3F67 /* Base */,
				0E34B8D7298E5FE2005D3F67 /* GPUImage */,
				0E34B8E3298E5FE2005D3F67 /* GPUImageTests */,
				0E34B8D6298E5FE2005D3F67 /* Products */,
			);
			sourceTree = "<group>";
		};
		0E34B8D6298E5FE2005D3F67 /* Products */ = {
			isa = PBXGroup;
			children = (
				0E34B8D5298E5FE2005D3F67 /* GPUImage.framework */,
				0E34B8DF298E5FE2005D3F67 /* GPUImageTests.xctest */,
			);
			name = Products;
			sourceTree = "<group>";
		};
		0E34B8D7298E5FE2005D3F67 /* GPUImage */ = {
			isa = PBXGroup;
			children = (
				0E34B8D8298E5FE2005D3F67 /* GPUImage.h */,
				0E34B8D9298E5FE2005D3F67 /* GPUImage.docc */,
			);
			path = GPUImage;
			sourceTree = "<group>";
		};
		0E34B8E3298E5FE2005D3F67 /* GPUImageTests */ = {
			isa = PBXGroup;
			children = (
				0E34B8E4298E5FE2005D3F67 /* GPUImageTests.swift */,
			);
			path = GPUImageTests;
			sourceTree = "<group>";
		};
		0E34B8F8298E600B005D3F67 /* Base */ = {
			isa = PBXGroup;
			children = (
			);
			path = Base;
			sourceTree = "<group>";
		};
/* End PBXGroup section */

/* Begin PBXHeadersBuildPhase section */
		0E34B8D0298E5FE2005D3F67 /* Headers */ = {
			isa = PBXHeadersBuildPhase;
			buildActionMask = 2147483647;
			files = (
				0E34B8E6298E5FE2005D3F67 /* GPUImage.h in Headers */,
			);
			runOnlyForDeploymentPostprocessing = 0;
		};
/* End PBXHeadersBuildPhase section */

/* Begin PBXNativeTarget section */
		0E34B8D4298E5FE2005D3F67 /* GPUImage */ = {
			isa = PBXNativeTarget;
			buildConfigurationList = 0E34B8E9298E5FE2005D3F67 /* Build configuration list for PBXNativeTarget "GPUImage" */;
			buildPhases = (
				0E34B8D0298E5FE2005D3F67 /* Headers */,
				0E34B8D1298E5FE2005D3F67 /* Sources */,
				0E34B8D2298E5FE2005D3F67 /* Frameworks */,
				0E34B8D3298E5FE2005D3F67 /* Resources */,
			);
			buildRules = (
			);
			dependencies = (
			);
			name = GPUImage;
			productName = GPUImage;
			productReference = 0E34B8D5298E5FE2005D3F67 /* GPUImage.framework */;
			productType = "com.apple.product-type.framework";
		};
		0E34B8DE298E5FE2005D3F67 /* GPUImageTests */ = {
			isa = PBXNativeTarget;
			buildConfigurationList = 0E34B8EC298E5FE2005D3F67 /* Build configuration list for PBXNativeTarget "GPUImageTests" */;
			buildPhases = (
				0E34B8DB298E5FE2005D3F67 /* Sources */,
				0E34B8DC298E5FE2005D3F67 /* Frameworks */,
				0E34B8DD298E5FE2005D3F67 /* Resources */,
			);
			buildRules = (
			);
			dependencies = (
				0E34B8E2298E5FE2005D3F67 /* PBXTargetDependency */,
			);
			name = GPUImageTests;
			productName = GPUImageTests;
			productReference = 0E34B8DF298E5FE2005D3F67 /* GPUImageTests.xctest */;
			productType = "com.apple.product-type.bundle.unit-test";
		};
/* End PBXNativeTarget section */

/* Begin PBXProject section */
		0E34B8CC298E5FE2005D3F67 /* Project object */ = {
			isa = PBXProject;
			attributes = {
				BuildIndependentTargetsInParallel = 1;
				LastSwiftUpdateCheck = 1420;
				LastUpgradeCheck = 1420;
				TargetAttributes = {
					0E34B8D4298E5FE2005D3F67 = {
						CreatedOnToolsVersion = 14.2;
					};
					0E34B8DE298E5FE2005D3F67 = {
						CreatedOnToolsVersion = 14.2;
					};
				};
			};
			buildConfigurationList = 0E34B8CF298E5FE2005D3F67 /* Build configuration list for PBXProject "GPUImage" */;
			compatibilityVersion = "Xcode 14.0";
			developmentRegion = en;
			hasScannedForEncodings = 0;
			knownRegions = (
				en,
				Base,
			);
			mainGroup = 0E34B8CB298E5FE2005D3F67;
			productRefGroup = 0E34B8D6298E5FE2005D3F67 /* Products */;
			projectDirPath = "";
			projectRoot = "";
			targets = (
				0E34B8D4298E5FE2005D3F67 /* GPUImage */,
				0E34B8DE298E5FE2005D3F67 /* GPUImageTests */,
			);
		};
/* End PBXProject section */

/* Begin PBXResourcesBuildPhase section */
		0E34B8D3298E5FE2005D3F67 /* Resources */ = {
			isa = PBXResourcesBuildPhase;
			buildActionMask = 2147483647;
			files = (
			);
			runOnlyForDeploymentPostprocessing = 0;
		};
		0E34B8DD298E5FE2005D3F67 /* Resources */ = {
			isa = PBXResourcesBuildPhase;
			buildActionMask = 2147483647;
			files = (
			);
			runOnlyForDeploymentPostprocessing = 0;
		};
/* End PBXResourcesBuildPhase section */

/* Begin PBXSourcesBuildPhase section */
		0E34B8D1298E5FE2005D3F67 /* Sources */ = {
			isa = PBXSourcesBuildPhase;
			buildActionMask = 2147483647;
			files = (
				0E34B8DA298E5FE2005D3F67 /* GPUImage.docc in Sources */,
			);
			runOnlyForDeploymentPostprocessing = 0;
		};
		0E34B8DB298E5FE2005D3F67 /* Sources */ = {
			isa = PBXSourcesBuildPhase;
			buildActionMask = 2147483647;
			files = (
				0E34B8E5298E5FE2005D3F67 /* GPUImageTests.swift in Sources */,
			);
			runOnlyForDeploymentPostprocessing = 0;
		};
/* End PBXSourcesBuildPhase section */

/* Begin PBXTargetDependency section */
		0E34B8E2298E5FE2005D3F67 /* PBXTargetDependency */ = {
			isa = PBXTargetDependency;
			target = 0E34B8D4298E5FE2005D3F67 /* GPUImage */;
			targetProxy = 0E34B8E1298E5FE2005D3F67 /* PBXContainerItemProxy */;
		};
/* End PBXTargetDependency section */

/* Begin XCBuildConfiguration section */
		0E34B8E7298E5FE2005D3F67 /* Debug */ = {
			isa = XCBuildConfiguration;
			buildSettings = {
				ALWAYS_SEARCH_USER_PATHS = NO;
				CLANG_ANALYZER_NONNULL = YES;
				CLANG_ANALYZER_NUMBER_OBJECT_CONVERSION = YES_AGGRESSIVE;
				CLANG_CXX_LANGUAGE_STANDARD = "gnu++20";
				CLANG_ENABLE_MODULES = YES;
				CLANG_ENABLE_OBJC_ARC = YES;
				CLANG_ENABLE_OBJC_WEAK = YES;
				CLANG_WARN_BLOCK_CAPTURE_AUTORELEASING = YES;
				CLANG_WARN_BOOL_CONVERSION = YES;
				CLANG_WARN_COMMA = YES;
				CLANG_WARN_CONSTANT_CONVERSION = YES;
				CLANG_WARN_DEPRECATED_OBJC_IMPLEMENTATIONS = YES;
				CLANG_WARN_DIRECT_OBJC_ISA_USAGE = YES_ERROR;
				CLANG_WARN_DOCUMENTATION_COMMENTS = YES;
				CLANG_WARN_EMPTY_BODY = YES;
				CLANG_WARN_ENUM_CONVERSION = YES;
				CLANG_WARN_INFINITE_RECURSION = YES;
				CLANG_WARN_INT_CONVERSION = YES;
				CLANG_WARN_NON_LITERAL_NULL_CONVERSION = YES;
				CLANG_WARN_OBJC_IMPLICIT_RETAIN_SELF = YES;
				CLANG_WARN_OBJC_LITERAL_CONVERSION = YES;
				CLANG_WARN_OBJC_ROOT_CLASS = YES_ERROR;
				CLANG_WARN_QUOTED_INCLUDE_IN_FRAMEWORK_HEADER = YES;
				CLANG_WARN_RANGE_LOOP_ANALYSIS = YES;
				CLANG_WARN_STRICT_PROTOTYPES = YES;
				CLANG_WARN_SUSPICIOUS_MOVE = YES;
				CLANG_WARN_UNGUARDED_AVAILABILITY = YES_AGGRESSIVE;
				CLANG_WARN_UNREACHABLE_CODE = YES;
				CLANG_WARN__DUPLICATE_METHOD_MATCH = YES;
				COPY_PHASE_STRIP = NO;
				CURRENT_PROJECT_VERSION = 1;
				DEBUG_INFORMATION_FORMAT = dwarf;
				ENABLE_STRICT_OBJC_MSGSEND = YES;
				ENABLE_TESTABILITY = YES;
				GCC_C_LANGUAGE_STANDARD = gnu11;
				GCC_DYNAMIC_NO_PIC = NO;
				GCC_NO_COMMON_BLOCKS = YES;
				GCC_OPTIMIZATION_LEVEL = 0;
				GCC_PREPROCESSOR_DEFINITIONS = (
					"DEBUG=1",
					"$(inherited)",
				);
				GCC_WARN_64_TO_32_BIT_CONVERSION = YES;
				GCC_WARN_ABOUT_RETURN_TYPE = YES_ERROR;
				GCC_WARN_UNDECLARED_SELECTOR = YES;
				GCC_WARN_UNINITIALIZED_AUTOS = YES_AGGRESSIVE;
				GCC_WARN_UNUSED_FUNCTION = YES;
				GCC_WARN_UNUSED_VARIABLE = YES;
				IPHONEOS_DEPLOYMENT_TARGET = 16.2;
				MTL_ENABLE_DEBUG_INFO = INCLUDE_SOURCE;
				MTL_FAST_MATH = YES;
				ONLY_ACTIVE_ARCH = YES;
				SDKROOT = iphoneos;
				SWIFT_ACTIVE_COMPILATION_CONDITIONS = DEBUG;
				SWIFT_OPTIMIZATION_LEVEL = "-Onone";
				VERSIONING_SYSTEM = "apple-generic";
				VERSION_INFO_PREFIX = "";
			};
			name = Debug;
		};
		0E34B8E8298E5FE2005D3F67 /* Release */ = {
			isa = XCBuildConfiguration;
			buildSettings = {
				ALWAYS_SEARCH_USER_PATHS = NO;
				CLANG_ANALYZER_NONNULL = YES;
				CLANG_ANALYZER_NUMBER_OBJECT_CONVERSION = YES_AGGRESSIVE;
				CLANG_CXX_LANGUAGE_STANDARD = "gnu++20";
				CLANG_ENABLE_MODULES = YES;
				CLANG_ENABLE_OBJC_ARC = YES;
				CLANG_ENABLE_OBJC_WEAK = YES;
				CLANG_WARN_BLOCK_CAPTURE_AUTORELEASING = YES;
				CLANG_WARN_BOOL_CONVERSION = YES;
				CLANG_WARN_COMMA = YES;
				CLANG_WARN_CONSTANT_CONVERSION = YES;
				CLANG_WARN_DEPRECATED_OBJC_IMPLEMENTATIONS = YES;
				CLANG_WARN_DIRECT_OBJC_ISA_USAGE = YES_ERROR;
				CLANG_WARN_DOCUMENTATION_COMMENTS = YES;
				CLANG_WARN_EMPTY_BODY = YES;
				CLANG_WARN_ENUM_CONVERSION = YES;
				CLANG_WARN_INFINITE_RECURSION = YES;
				CLANG_WARN_INT_CONVERSION = YES;
				CLANG_WARN_NON_LITERAL_NULL_CONVERSION = YES;
				CLANG_WARN_OBJC_IMPLICIT_RETAIN_SELF = YES;
				CLANG_WARN_OBJC_LITERAL_CONVERSION = YES;
				CLANG_WARN_OBJC_ROOT_CLASS = YES_ERROR;
				CLANG_WARN_QUOTED_INCLUDE_IN_FRAMEWORK_HEADER = YES;
				CLANG_WARN_RANGE_LOOP_ANALYSIS = YES;
				CLANG_WARN_STRICT_PROTOTYPES = YES;
				CLANG_WARN_SUSPICIOUS_MOVE = YES;
				CLANG_WARN_UNGUARDED_AVAILABILITY = YES_AGGRESSIVE;
				CLANG_WARN_UNREACHABLE_CODE = YES;
				CLANG_WARN__DUPLICATE_METHOD_MATCH = YES;
				COPY_PHASE_STRIP = NO;
				CURRENT_PROJECT_VERSION = 1;
				DEBUG_INFORMATION_FORMAT = "dwarf-with-dsym";
				ENABLE_NS_ASSERTIONS = NO;
				ENABLE_STRICT_OBJC_MSGSEND = YES;
				GCC_C_LANGUAGE_STANDARD = gnu11;
				GCC_NO_COMMON_BLOCKS = YES;
				GCC_WARN_64_TO_32_BIT_CONVERSION = YES;
				GCC_WARN_ABOUT_RETURN_TYPE = YES_ERROR;
				GCC_WARN_UNDECLARED_SELECTOR = YES;
				GCC_WARN_UNINITIALIZED_AUTOS = YES_AGGRESSIVE;
				GCC_WARN_UNUSED_FUNCTION = YES;
				GCC_WARN_UNUSED_VARIABLE = YES;
				IPHONEOS_DEPLOYMENT_TARGET = 16.2;
				MTL_ENABLE_DEBUG_INFO = NO;
				MTL_FAST_MATH = YES;
				SDKROOT = iphoneos;
				SWIFT_COMPILATION_MODE = wholemodule;
				SWIFT_OPTIMIZATION_LEVEL = "-O";
				VALIDATE_PRODUCT = YES;
				VERSIONING_SYSTEM = "apple-generic";
				VERSION_INFO_PREFIX = "";
			};
			name = Release;
		};
		0E34B8EA298E5FE2005D3F67 /* Debug */ = {
			isa = XCBuildConfiguration;
			buildSettings = {
				CODE_SIGN_STYLE = Automatic;
				CURRENT_PROJECT_VERSION = 1;
				DEFINES_MODULE = YES;
				DEVELOPMENT_TEAM = 92YDTRVDUA;
				DYLIB_COMPATIBILITY_VERSION = 1;
				DYLIB_CURRENT_VERSION = 1;
				DYLIB_INSTALL_NAME_BASE = "@rpath";
				GENERATE_INFOPLIST_FILE = YES;
				INFOPLIST_KEY_NSHumanReadableCopyright = "";
				INSTALL_PATH = "$(LOCAL_LIBRARY_DIR)/Frameworks";
				LD_RUNPATH_SEARCH_PATHS = (
					"$(inherited)",
					"@executable_path/Frameworks",
					"@loader_path/Frameworks",
				);
				MARKETING_VERSION = 1.0;
				PRODUCT_BUNDLE_IDENTIFIER = com.GPUImage;
				PRODUCT_NAME = "$(TARGET_NAME:c99extidentifier)";
				SKIP_INSTALL = YES;
				SWIFT_EMIT_LOC_STRINGS = YES;
				SWIFT_VERSION = 5.0;
				TARGETED_DEVICE_FAMILY = "1,2";
			};
			name = Debug;
		};
		0E34B8EB298E5FE2005D3F67 /* Release */ = {
			isa = XCBuildConfiguration;
			buildSettings = {
				CODE_SIGN_STYLE = Automatic;
				CURRENT_PROJECT_VERSION = 1;
				DEFINES_MODULE = YES;
				DEVELOPMENT_TEAM = 92YDTRVDUA;
				DYLIB_COMPATIBILITY_VERSION = 1;
				DYLIB_CURRENT_VERSION = 1;
				DYLIB_INSTALL_NAME_BASE = "@rpath";
				GENERATE_INFOPLIST_FILE = YES;
				INFOPLIST_KEY_NSHumanReadableCopyright = "";
				INSTALL_PATH = "$(LOCAL_LIBRARY_DIR)/Frameworks";
				LD_RUNPATH_SEARCH_PATHS = (
					"$(inherited)",
					"@executable_path/Frameworks",
					"@loader_path/Frameworks",
				);
				MARKETING_VERSION = 1.0;
				PRODUCT_BUNDLE_IDENTIFIER = com.GPUImage;
				PRODUCT_NAME = "$(TARGET_NAME:c99extidentifier)";
				SKIP_INSTALL = YES;
				SWIFT_EMIT_LOC_STRINGS = YES;
				SWIFT_VERSION = 5.0;
				TARGETED_DEVICE_FAMILY = "1,2";
			};
			name = Release;
		};
		0E34B8ED298E5FE2005D3F67 /* Debug */ = {
			isa = XCBuildConfiguration;
			buildSettings = {
				CODE_SIGN_STYLE = Automatic;
				CURRENT_PROJECT_VERSION = 1;
				DEVELOPMENT_TEAM = 92YDTRVDUA;
				GENERATE_INFOPLIST_FILE = YES;
				MARKETING_VERSION = 1.0;
				PRODUCT_BUNDLE_IDENTIFIER = com.GPUImageTests;
				PRODUCT_NAME = "$(TARGET_NAME)";
				SWIFT_EMIT_LOC_STRINGS = NO;
				SWIFT_VERSION = 5.0;
				TARGETED_DEVICE_FAMILY = "1,2";
			};
			name = Debug;
		};
		0E34B8EE298E5FE2005D3F67 /* Release */ = {
			isa = XCBuildConfiguration;
			buildSettings = {
				CODE_SIGN_STYLE = Automatic;
				CURRENT_PROJECT_VERSION = 1;
				DEVELOPMENT_TEAM = 92YDTRVDUA;
				GENERATE_INFOPLIST_FILE = YES;
				MARKETING_VERSION = 1.0;
				PRODUCT_BUNDLE_IDENTIFIER = com.GPUImageTests;
				PRODUCT_NAME = "$(TARGET_NAME)";
				SWIFT_EMIT_LOC_STRINGS = NO;
				SWIFT_VERSION = 5.0;
				TARGETED_DEVICE_FAMILY = "1,2";
			};
			name = Release;
		};
/* End XCBuildConfiguration section */

/* Begin XCConfigurationList section */
		0E34B8CF298E5FE2005D3F67 /* Build configuration list for PBXProject "GPUImage" */ = {
			isa = XCConfigurationList;
			buildConfigurations = (
				0E34B8E7298E5FE2005D3F67 /* Debug */,
				0E34B8E8298E5FE2005D3F67 /* Release */,
			);
			defaultConfigurationIsVisible = 0;
			defaultConfigurationName = Release;
		};
		0E34B8E9298E5FE2005D3F67 /* Build configuration list for PBXNativeTarget "GPUImage" */ = {
			isa = XCConfigurationList;
			buildConfigurations = (
				0E34B8EA298E5FE2005D3F67 /* Debug */,
				0E34B8EB298E5FE2005D3F67 /* Release */,
			);
			defaultConfigurationIsVisible = 0;
			defaultConfigurationName = Release;
		};
		0E34B8EC298E5FE2005D3F67 /* Build configuration list for PBXNativeTarget "GPUImageTests" */ = {
			isa = XCConfigurationList;
			buildConfigurations = (
				0E34B8ED298E5FE2005D3F67 /* Debug */,
				0E34B8EE298E5FE2005D3F67 /* Release */,
			);
			defaultConfigurationIsVisible = 0;
			defaultConfigurationName = Release;
		};
/* End XCConfigurationList section */
	};
	rootObject = 0E34B8CC298E5FE2005D3F67 /* Project object */;
}
