// !$*UTF8*$!
{
	archiveVersion = 1;
	classes = {
	};
	objectVersion = 56;
	objects = {

/* Begin PBXBuildFile section */
		0E34B80F298E56A9005D3F67 /* AppDelegate.swift in Sources */ = {isa = PBXBuildFile; fileRef = 0E34B80E298E56A9005D3F67 /* AppDelegate.swift */; };
		0E34B811298E56A9005D3F67 /* SceneDelegate.swift in Sources */ = {isa = PBXBuildFile; fileRef = 0E34B810298E56A9005D3F67 /* SceneDelegate.swift */; };
		0E34B813298E56A9005D3F67 /* ViewController.swift in Sources */ = {isa = PBXBuildFile; fileRef = 0E34B812298E56A9005D3F67 /* ViewController.swift */; };
		0E34B819298E56A9005D3F67 /* Today.xcdatamodeld in Sources */ = {isa = PBXBuildFile; fileRef = 0E34B817298E56A9005D3F67 /* Today.xcdatamodeld */; };
		0E34B81B298E56AA005D3F67 /* Assets.xcassets in Resources */ = {isa = PBXBuildFile; fileRef = 0E34B81A298E56AA005D3F67 /* Assets.xcassets */; };
		0E34B81E298E56AA005D3F67 /* LaunchScreen.storyboard in Resources */ = {isa = PBXBuildFile; fileRef = 0E34B81C298E56AA005D3F67 /* LaunchScreen.storyboard */; };
		0E34B829298E56AA005D3F67 /* TodayTests.swift in Sources */ = {isa = PBXBuildFile; fileRef = 0E34B828298E56AA005D3F67 /* TodayTests.swift */; };
		0E34B833298E56AA005D3F67 /* TodayUITests.swift in Sources */ = {isa = PBXBuildFile; fileRef = 0E34B832298E56AA005D3F67 /* TodayUITests.swift */; };
		0E34B835298E56AA005D3F67 /* TodayUITestsLaunchTests.swift in Sources */ = {isa = PBXBuildFile; fileRef = 0E34B834298E56AA005D3F67 /* TodayUITestsLaunchTests.swift */; };
		0E34B846298E570A005D3F67 /* OpenGLES.framework in Frameworks */ = {isa = PBXBuildFile; fileRef = 0E34B845298E570A005D3F67 /* OpenGLES.framework */; };
		0E34B848298E5714005D3F67 /* CoreVideo.framework in Frameworks */ = {isa = PBXBuildFile; fileRef = 0E34B847298E5714005D3F67 /* CoreVideo.framework */; };
		0E34B84A298E571E005D3F67 /* SystemConfiguration.framework in Frameworks */ = {isa = PBXBuildFile; fileRef = 0E34B849298E571E005D3F67 /* SystemConfiguration.framework */; };
		0E34B84D298E572A005D3F67 /* EventKitUI.framework in Frameworks */ = {isa = PBXBuildFile; fileRef = 0E34B84B298E572A005D3F67 /* EventKitUI.framework */; };
		0E34B84E298E572A005D3F67 /* EventKit.framework in Frameworks */ = {isa = PBXBuildFile; fileRef = 0E34B84C298E572A005D3F67 /* EventKit.framework */; };
		0E34B850298E5736005D3F67 /* CoreTelephony.framework in Frameworks */ = {isa = PBXBuildFile; fileRef = 0E34B84F298E5736005D3F67 /* CoreTelephony.framework */; };
		0E34B852298E573F005D3F67 /* StoreKit.framework in Frameworks */ = {isa = PBXBuildFile; fileRef = 0E34B851298E573F005D3F67 /* StoreKit.framework */; };
		0E34B854298E574F005D3F67 /* CoreMedia.framework in Frameworks */ = {isa = PBXBuildFile; fileRef = 0E34B853298E574F005D3F67 /* CoreMedia.framework */; };
		0E34B856298E575C005D3F67 /* CoreGraphics.framework in Frameworks */ = {isa = PBXBuildFile; fileRef = 0E34B855298E575C005D3F67 /* CoreGraphics.framework */; };
		0E34B858298E576E005D3F67 /* AVFoundation.framework in Frameworks */ = {isa = PBXBuildFile; fileRef = 0E34B857298E576E005D3F67 /* AVFoundation.framework */; };
		0E34B85A298E577B005D3F67 /* AudioToolbox.framework in Frameworks */ = {isa = PBXBuildFile; fileRef = 0E34B859298E577B005D3F67 /* AudioToolbox.framework */; };
		0E34B85C298E5786005D3F67 /* AdSupport.framework in Frameworks */ = {isa = PBXBuildFile; fileRef = 0E34B85B298E5786005D3F67 /* AdSupport.framework */; };
		0E34B85E298E579D005D3F67 /* MessageUI.framework in Frameworks */ = {isa = PBXBuildFile; fileRef = 0E34B85D298E579D005D3F67 /* MessageUI.framework */; };
		0E34B860298E57AB005D3F67 /* Social.framework in Frameworks */ = {isa = PBXBuildFile; fileRef = 0E34B85F298E57AB005D3F67 /* Social.framework */; };
		0E34B862298E57BA005D3F67 /* QuartzCore.framework in Frameworks */ = {isa = PBXBuildFile; fileRef = 0E34B861298E57BA005D3F67 /* QuartzCore.framework */; };
		0E34B864298E57DE005D3F67 /* CoreImage.framework in Frameworks */ = {isa = PBXBuildFile; fileRef = 0E34B863298E57DE005D3F67 /* CoreImage.framework */; };
/* End PBXBuildFile section */

/* Begin PBXContainerItemProxy section */
		0E34B825298E56AA005D3F67 /* PBXContainerItemProxy */ = {
			isa = PBXContainerItemProxy;
			containerPortal = 0E34B803298E56A9005D3F67 /* Project object */;
			proxyType = 1;
			remoteGlobalIDString = 0E34B80A298E56A9005D3F67;
			remoteInfo = Today;
		};
		0E34B82F298E56AA005D3F67 /* PBXContainerItemProxy */ = {
			isa = PBXContainerItemProxy;
			containerPortal = 0E34B803298E56A9005D3F67 /* Project object */;
			proxyType = 1;
			remoteGlobalIDString = 0E34B80A298E56A9005D3F67;
			remoteInfo = Today;
		};
		0E34B8F4298E5FE3005D3F67 /* PBXContainerItemProxy */ = {
			isa = PBXContainerItemProxy;
			containerPortal = 0E34B8EF298E5FE2005D3F67 /* GPUImage.xcodeproj */;
			proxyType = 2;
			remoteGlobalIDString = 0E34B8D5298E5FE2005D3F67;
			remoteInfo = GPUImage;
		};
		0E34B8F6298E5FE3005D3F67 /* PBXContainerItemProxy */ = {
			isa = PBXContainerItemProxy;
			containerPortal = 0E34B8EF298E5FE2005D3F67 /* GPUImage.xcodeproj */;
			proxyType = 2;
			remoteGlobalIDString = 0E34B8DF298E5FE2005D3F67;
			remoteInfo = GPUImageTests;
		};
/* End PBXContainerItemProxy section */

/* Begin PBXCopyFilesBuildPhase section */
		0E34B89B298E5C75005D3F67 /* Embed Frameworks */ = {
			isa = PBXCopyFilesBuildPhase;
			buildActionMask = 2147483647;
			dstPath = "";
			dstSubfolderSpec = 10;
			files = (
			);
			name = "Embed Frameworks";
			runOnlyForDeploymentPostprocessing = 0;
		};
/* End PBXCopyFilesBuildPhase section */

/* Begin PBXFileReference section */
		0E34B80B298E56A9005D3F67 /* Today.app */ = {isa = PBXFileReference; explicitFileType = wrapper.application; includeInIndex = 0; path = Today.app; sourceTree = BUILT_PRODUCTS_DIR; };
		0E34B80E298E56A9005D3F67 /* AppDelegate.swift */ = {isa = PBXFileReference; lastKnownFileType = sourcecode.swift; path = AppDelegate.swift; sourceTree = "<group>"; };
		0E34B810298E56A9005D3F67 /* SceneDelegate.swift */ = {isa = PBXFileReference; lastKnownFileType = sourcecode.swift; path = SceneDelegate.swift; sourceTree = "<group>"; };
		0E34B812298E56A9005D3F67 /* ViewController.swift */ = {isa = PBXFileReference; lastKnownFileType = sourcecode.swift; path = ViewController.swift; sourceTree = "<group>"; };
		0E34B818298E56A9005D3F67 /* Today.xcdatamodel */ = {isa = PBXFileReference; lastKnownFileType = wrapper.xcdatamodel; path = Today.xcdatamodel; sourceTree = "<group>"; };
		0E34B81A298E56AA005D3F67 /* Assets.xcassets */ = {isa = PBXFileReference; lastKnownFileType = folder.assetcatalog; path = Assets.xcassets; sourceTree = "<group>"; };
		0E34B81D298E56AA005D3F67 /* Base */ = {isa = PBXFileReference; lastKnownFileType = file.storyboard; name = Base; path = Base.lproj/LaunchScreen.storyboard; sourceTree = "<group>"; };
		0E34B81F298E56AA005D3F67 /* Info.plist */ = {isa = PBXFileReference; lastKnownFileType = text.plist.xml; path = Info.plist; sourceTree = "<group>"; };
		0E34B824298E56AA005D3F67 /* TodayTests.xctest */ = {isa = PBXFileReference; explicitFileType = wrapper.cfbundle; includeInIndex = 0; path = TodayTests.xctest; sourceTree = BUILT_PRODUCTS_DIR; };
		0E34B828298E56AA005D3F67 /* TodayTests.swift */ = {isa = PBXFileReference; lastKnownFileType = sourcecode.swift; path = TodayTests.swift; sourceTree = "<group>"; };
		0E34B82E298E56AA005D3F67 /* TodayUITests.xctest */ = {isa = PBXFileReference; explicitFileType = wrapper.cfbundle; includeInIndex = 0; path = TodayUITests.xctest; sourceTree = BUILT_PRODUCTS_DIR; };
		0E34B832298E56AA005D3F67 /* TodayUITests.swift */ = {isa = PBXFileReference; lastKnownFileType = sourcecode.swift; path = TodayUITests.swift; sourceTree = "<group>"; };
		0E34B834298E56AA005D3F67 /* TodayUITestsLaunchTests.swift */ = {isa = PBXFileReference; lastKnownFileType = sourcecode.swift; path = TodayUITestsLaunchTests.swift; sourceTree = "<group>"; };
		0E34B845298E570A005D3F67 /* OpenGLES.framework */ = {isa = PBXFileReference; lastKnownFileType = wrapper.framework; name = OpenGLES.framework; path = System/Library/Frameworks/OpenGLES.framework; sourceTree = SDKROOT; };
		0E34B847298E5714005D3F67 /* CoreVideo.framework */ = {isa = PBXFileReference; lastKnownFileType = wrapper.framework; name = CoreVideo.framework; path = System/Library/Frameworks/CoreVideo.framework; sourceTree = SDKROOT; };
		0E34B849298E571E005D3F67 /* SystemConfiguration.framework */ = {isa = PBXFileReference; lastKnownFileType = wrapper.framework; name = SystemConfiguration.framework; path = System/Library/Frameworks/SystemConfiguration.framework; sourceTree = SDKROOT; };
		0E34B84B298E572A005D3F67 /* EventKitUI.framework */ = {isa = PBXFileReference; lastKnownFileType = wrapper.framework; name = EventKitUI.framework; path = System/Library/Frameworks/EventKitUI.framework; sourceTree = SDKROOT; };
		0E34B84C298E572A005D3F67 /* EventKit.framework */ = {isa = PBXFileReference; lastKnownFileType = wrapper.framework; name = EventKit.framework; path = System/Library/Frameworks/EventKit.framework; sourceTree = SDKROOT; };
		0E34B84F298E5736005D3F67 /* CoreTelephony.framework */ = {isa = PBXFileReference; lastKnownFileType = wrapper.framework; name = CoreTelephony.framework; path = System/Library/Frameworks/CoreTelephony.framework; sourceTree = SDKROOT; };
		0E34B851298E573F005D3F67 /* StoreKit.framework */ = {isa = PBXFileReference; lastKnownFileType = wrapper.framework; name = StoreKit.framework; path = System/Library/Frameworks/StoreKit.framework; sourceTree = SDKROOT; };
		0E34B853298E574F005D3F67 /* CoreMedia.framework */ = {isa = PBXFileReference; lastKnownFileType = wrapper.framework; name = CoreMedia.framework; path = System/Library/Frameworks/CoreMedia.framework; sourceTree = SDKROOT; };
		0E34B855298E575C005D3F67 /* CoreGraphics.framework */ = {isa = PBXFileReference; lastKnownFileType = wrapper.framework; name = CoreGraphics.framework; path = System/Library/Frameworks/CoreGraphics.framework; sourceTree = SDKROOT; };
		0E34B857298E576E005D3F67 /* AVFoundation.framework */ = {isa = PBXFileReference; lastKnownFileType = wrapper.framework; name = AVFoundation.framework; path = System/Library/Frameworks/AVFoundation.framework; sourceTree = SDKROOT; };
		0E34B859298E577B005D3F67 /* AudioToolbox.framework */ = {isa = PBXFileReference; lastKnownFileType = wrapper.framework; name = AudioToolbox.framework; path = System/Library/Frameworks/AudioToolbox.framework; sourceTree = SDKROOT; };
		0E34B85B298E5786005D3F67 /* AdSupport.framework */ = {isa = PBXFileReference; lastKnownFileType = wrapper.framework; name = AdSupport.framework; path = System/Library/Frameworks/AdSupport.framework; sourceTree = SDKROOT; };
		0E34B85D298E579D005D3F67 /* MessageUI.framework */ = {isa = PBXFileReference; lastKnownFileType = wrapper.framework; name = MessageUI.framework; path = System/Library/Frameworks/MessageUI.framework; sourceTree = SDKROOT; };
		0E34B85F298E57AB005D3F67 /* Social.framework */ = {isa = PBXFileReference; lastKnownFileType = wrapper.framework; name = Social.framework; path = System/Library/Frameworks/Social.framework; sourceTree = SDKROOT; };
		0E34B861298E57BA005D3F67 /* QuartzCore.framework */ = {isa = PBXFileReference; lastKnownFileType = wrapper.framework; name = QuartzCore.framework; path = System/Library/Frameworks/QuartzCore.framework; sourceTree = SDKROOT; };
		0E34B863298E57DE005D3F67 /* CoreImage.framework */ = {isa = PBXFileReference; lastKnownFileType = wrapper.framework; name = CoreImage.framework; path = System/Library/Frameworks/CoreImage.framework; sourceTree = SDKROOT; };
		0E34B8EF298E5FE2005D3F67 /* GPUImage.xcodeproj */ = {isa = PBXFileReference; lastKnownFileType = "wrapper.pb-project"; name = GPUImage.xcodeproj; path = GPUImage/GPUImage.xcodeproj; sourceTree = "<group>"; };
/* End PBXFileReference section */

/* Begin PBXFrameworksBuildPhase section */
		0E34B808298E56A9005D3F67 /* Frameworks */ = {
			isa = PBXFrameworksBuildPhase;
			buildActionMask = 2147483647;
			files = (
				0E34B864298E57DE005D3F67 /* CoreImage.framework in Frameworks */,
				0E34B862298E57BA005D3F67 /* QuartzCore.framework in Frameworks */,
				0E34B860298E57AB005D3F67 /* Social.framework in Frameworks */,
				0E34B85E298E579D005D3F67 /* MessageUI.framework in Frameworks */,
				0E34B85C298E5786005D3F67 /* AdSupport.framework in Frameworks */,
				0E34B85A298E577B005D3F67 /* AudioToolbox.framework in Frameworks */,
				0E34B858298E576E005D3F67 /* AVFoundation.framework in Frameworks */,
				0E34B856298E575C005D3F67 /* CoreGraphics.framework in Frameworks */,
				0E34B854298E574F005D3F67 /* CoreMedia.framework in Frameworks */,
				0E34B852298E573F005D3F67 /* StoreKit.framework in Frameworks */,
				0E34B850298E5736005D3F67 /* CoreTelephony.framework in Frameworks */,
				0E34B84D298E572A005D3F67 /* EventKitUI.framework in Frameworks */,
				0E34B84E298E572A005D3F67 /* EventKit.framework in Frameworks */,
				0E34B84A298E571E005D3F67 /* SystemConfiguration.framework in Frameworks */,
				0E34B848298E5714005D3F67 /* CoreVideo.framework in Frameworks */,
				0E34B846298E570A005D3F67 /* OpenGLES.framework in Frameworks */,
			);
			runOnlyForDeploymentPostprocessing = 0;
		};
		0E34B821298E56AA005D3F67 /* Frameworks */ = {
			isa = PBXFrameworksBuildPhase;
			buildActionMask = 2147483647;
			files = (
			);
			runOnlyForDeploymentPostprocessing = 0;
		};
		0E34B82B298E56AA005D3F67 /* Frameworks */ = {
			isa = PBXFrameworksBuildPhase;
			buildActionMask = 2147483647;
			files = (
			);
			runOnlyForDeploymentPostprocessing = 0;
		};
/* End PBXFrameworksBuildPhase section */

/* Begin PBXGroup section */
		0E34B802298E56A9005D3F67 = {
			isa = PBXGroup;
			children = (
				0E34B8EF298E5FE2005D3F67 /* GPUImage.xcodeproj */,
				0E34B80D298E56A9005D3F67 /* Today */,
				0E34B865298E5889005D3F67 /* TestCode */,
				0E34B80C298E56A9005D3F67 /* Products */,
				0E34B844298E570A005D3F67 /* Frameworks */,
			);
			sourceTree = "<group>";
		};
		0E34B80C298E56A9005D3F67 /* Products */ = {
			isa = PBXGroup;
			children = (
				0E34B80B298E56A9005D3F67 /* Today.app */,
				0E34B824298E56AA005D3F67 /* TodayTests.xctest */,
				0E34B82E298E56AA005D3F67 /* TodayUITests.xctest */,
			);
			name = Products;
			sourceTree = "<group>";
		};
		0E34B80D298E56A9005D3F67 /* Today */ = {
			isa = PBXGroup;
			children = (
				0E34B80E298E56A9005D3F67 /* AppDelegate.swift */,
				0E34B810298E56A9005D3F67 /* SceneDelegate.swift */,
				0E34B812298E56A9005D3F67 /* ViewController.swift */,
				0E34B81A298E56AA005D3F67 /* Assets.xcassets */,
				0E34B81C298E56AA005D3F67 /* LaunchScreen.storyboard */,
				0E34B81F298E56AA005D3F67 /* Info.plist */,
				0E34B817298E56A9005D3F67 /* Today.xcdatamodeld */,
			);
			path = Today;
			sourceTree = "<group>";
		};
		0E34B827298E56AA005D3F67 /* TodayTests */ = {
			isa = PBXGroup;
			children = (
				0E34B828298E56AA005D3F67 /* TodayTests.swift */,
			);
			path = TodayTests;
			sourceTree = "<group>";
		};
		0E34B831298E56AA005D3F67 /* TodayUITests */ = {
			isa = PBXGroup;
			children = (
				0E34B832298E56AA005D3F67 /* TodayUITests.swift */,
				0E34B834298E56AA005D3F67 /* TodayUITestsLaunchTests.swift */,
			);
			path = TodayUITests;
			sourceTree = "<group>";
		};
		0E34B844298E570A005D3F67 /* Frameworks */ = {
			isa = PBXGroup;
			children = (
				0E34B863298E57DE005D3F67 /* CoreImage.framework */,
				0E34B861298E57BA005D3F67 /* QuartzCore.framework */,
				0E34B85F298E57AB005D3F67 /* Social.framework */,
				0E34B85D298E579D005D3F67 /* MessageUI.framework */,
				0E34B85B298E5786005D3F67 /* AdSupport.framework */,
				0E34B859298E577B005D3F67 /* AudioToolbox.framework */,
				0E34B857298E576E005D3F67 /* AVFoundation.framework */,
				0E34B855298E575C005D3F67 /* CoreGraphics.framework */,
				0E34B853298E574F005D3F67 /* CoreMedia.framework */,
				0E34B851298E573F005D3F67 /* StoreKit.framework */,
				0E34B84F298E5736005D3F67 /* CoreTelephony.framework */,
				0E34B84C298E572A005D3F67 /* EventKit.framework */,
				0E34B84B298E572A005D3F67 /* EventKitUI.framework */,
				0E34B849298E571E005D3F67 /* SystemConfiguration.framework */,
				0E34B847298E5714005D3F67 /* CoreVideo.framework */,
				0E34B845298E570A005D3F67 /* OpenGLES.framework */,
			);
			name = Frameworks;
			sourceTree = "<group>";
		};
		0E34B865298E5889005D3F67 /* TestCode */ = {
			isa = PBXGroup;
			children = (
				0E34B827298E56AA005D3F67 /* TodayTests */,
				0E34B831298E56AA005D3F67 /* TodayUITests */,
			);
			path = TestCode;
			sourceTree = "<group>";
		};
		0E34B8F0298E5FE2005D3F67 /* Products */ = {
			isa = PBXGroup;
			children = (
				0E34B8F5298E5FE3005D3F67 /* GPUImage.framework */,
				0E34B8F7298E5FE3005D3F67 /* GPUImageTests.xctest */,
			);
			name = Products;
			sourceTree = "<group>";
		};
/* End PBXGroup section */

/* Begin PBXNativeTarget section */
		0E34B80A298E56A9005D3F67 /* Today */ = {
			isa = PBXNativeTarget;
			buildConfigurationList = 0E34B838298E56AA005D3F67 /* Build configuration list for PBXNativeTarget "Today" */;
			buildPhases = (
				0E34B807298E56A9005D3F67 /* Sources */,
				0E34B808298E56A9005D3F67 /* Frameworks */,
				0E34B809298E56A9005D3F67 /* Resources */,
				0E34B89B298E5C75005D3F67 /* Embed Frameworks */,
			);
			buildRules = (
			);
			dependencies = (
			);
			name = Today;
			productName = Today;
			productReference = 0E34B80B298E56A9005D3F67 /* Today.app */;
			productType = "com.apple.product-type.application";
		};
		0E34B823298E56AA005D3F67 /* TodayTests */ = {
			isa = PBXNativeTarget;
			buildConfigurationList = 0E34B83B298E56AA005D3F67 /* Build configuration list for PBXNativeTarget "TodayTests" */;
			buildPhases = (
				0E34B820298E56AA005D3F67 /* Sources */,
				0E34B821298E56AA005D3F67 /* Frameworks */,
				0E34B822298E56AA005D3F67 /* Resources */,
			);
			buildRules = (
			);
			dependencies = (
				0E34B826298E56AA005D3F67 /* PBXTargetDependency */,
			);
			name = TodayTests;
			productName = TodayTests;
			productReference = 0E34B824298E56AA005D3F67 /* TodayTests.xctest */;
			productType = "com.apple.product-type.bundle.unit-test";
		};
		0E34B82D298E56AA005D3F67 /* TodayUITests */ = {
			isa = PBXNativeTarget;
			buildConfigurationList = 0E34B83E298E56AA005D3F67 /* Build configuration list for PBXNativeTarget "TodayUITests" */;
			buildPhases = (
				0E34B82A298E56AA005D3F67 /* Sources */,
				0E34B82B298E56AA005D3F67 /* Frameworks */,
				0E34B82C298E56AA005D3F67 /* Resources */,
			);
			buildRules = (
			);
			dependencies = (
				0E34B830298E56AA005D3F67 /* PBXTargetDependency */,
			);
			name = TodayUITests;
			productName = TodayUITests;
			productReference = 0E34B82E298E56AA005D3F67 /* TodayUITests.xctest */;
			productType = "com.apple.product-type.bundle.ui-testing";
		};
/* End PBXNativeTarget section */

/* Begin PBXProject section */
		0E34B803298E56A9005D3F67 /* Project object */ = {
			isa = PBXProject;
			attributes = {
				BuildIndependentTargetsInParallel = 1;
				LastSwiftUpdateCheck = 1420;
				LastUpgradeCheck = 1420;
				TargetAttributes = {
					0E34B80A298E56A9005D3F67 = {
						CreatedOnToolsVersion = 14.2;
					};
					0E34B823298E56AA005D3F67 = {
						CreatedOnToolsVersion = 14.2;
						TestTargetID = 0E34B80A298E56A9005D3F67;
					};
					0E34B82D298E56AA005D3F67 = {
						CreatedOnToolsVersion = 14.2;
						TestTargetID = 0E34B80A298E56A9005D3F67;
					};
				};
			};
			buildConfigurationList = 0E34B806298E56A9005D3F67 /* Build configuration list for PBXProject "Today" */;
			compatibilityVersion = "Xcode 14.0";
			developmentRegion = en;
			hasScannedForEncodings = 0;
			knownRegions = (
				en,
				Base,
			);
			mainGroup = 0E34B802298E56A9005D3F67;
			productRefGroup = 0E34B80C298E56A9005D3F67 /* Products */;
			projectDirPath = "";
			projectReferences = (
				{
					ProductGroup = 0E34B8F0298E5FE2005D3F67 /* Products */;
					ProjectRef = 0E34B8EF298E5FE2005D3F67 /* GPUImage.xcodeproj */;
				},
			);
			projectRoot = "";
			targets = (
				0E34B80A298E56A9005D3F67 /* Today */,
				0E34B823298E56AA005D3F67 /* TodayTests */,
				0E34B82D298E56AA005D3F67 /* TodayUITests */,
			);
		};
/* End PBXProject section */

/* Begin PBXReferenceProxy section */
		0E34B8F5298E5FE3005D3F67 /* GPUImage.framework */ = {
			isa = PBXReferenceProxy;
			fileType = wrapper.framework;
			path = GPUImage.framework;
			remoteRef = 0E34B8F4298E5FE3005D3F67 /* PBXContainerItemProxy */;
			sourceTree = BUILT_PRODUCTS_DIR;
		};
		0E34B8F7298E5FE3005D3F67 /* GPUImageTests.xctest */ = {
			isa = PBXReferenceProxy;
			fileType = wrapper.cfbundle;
			path = GPUImageTests.xctest;
			remoteRef = 0E34B8F6298E5FE3005D3F67 /* PBXContainerItemProxy */;
			sourceTree = BUILT_PRODUCTS_DIR;
		};
/* End PBXReferenceProxy section */

/* Begin PBXResourcesBuildPhase section */
		0E34B809298E56A9005D3F67 /* Resources */ = {
			isa = PBXResourcesBuildPhase;
			buildActionMask = 2147483647;
			files = (
				0E34B81E298E56AA005D3F67 /* LaunchScreen.storyboard in Resources */,
				0E34B81B298E56AA005D3F67 /* Assets.xcassets in Resources */,
			);
			runOnlyForDeploymentPostprocessing = 0;
		};
		0E34B822298E56AA005D3F67 /* Resources */ = {
			isa = PBXResourcesBuildPhase;
			buildActionMask = 2147483647;
			files = (
			);
			runOnlyForDeploymentPostprocessing = 0;
		};
		0E34B82C298E56AA005D3F67 /* Resources */ = {
			isa = PBXResourcesBuildPhase;
			buildActionMask = 2147483647;
			files = (
			);
			runOnlyForDeploymentPostprocessing = 0;
		};
/* End PBXResourcesBuildPhase section */

/* Begin PBXSourcesBuildPhase section */
		0E34B807298E56A9005D3F67 /* Sources */ = {
			isa = PBXSourcesBuildPhase;
			buildActionMask = 2147483647;
			files = (
				0E34B813298E56A9005D3F67 /* ViewController.swift in Sources */,
				0E34B80F298E56A9005D3F67 /* AppDelegate.swift in Sources */,
				0E34B811298E56A9005D3F67 /* SceneDelegate.swift in Sources */,
				0E34B819298E56A9005D3F67 /* Today.xcdatamodeld in Sources */,
			);
			runOnlyForDeploymentPostprocessing = 0;
		};
		0E34B820298E56AA005D3F67 /* Sources */ = {
			isa = PBXSourcesBuildPhase;
			buildActionMask = 2147483647;
			files = (
				0E34B829298E56AA005D3F67 /* TodayTests.swift in Sources */,
			);
			runOnlyForDeploymentPostprocessing = 0;
		};
		0E34B82A298E56AA005D3F67 /* Sources */ = {
			isa = PBXSourcesBuildPhase;
			buildActionMask = 2147483647;
			files = (
				0E34B835298E56AA005D3F67 /* TodayUITestsLaunchTests.swift in Sources */,
				0E34B833298E56AA005D3F67 /* TodayUITests.swift in Sources */,
			);
			runOnlyForDeploymentPostprocessing = 0;
		};
/* End PBXSourcesBuildPhase section */

/* Begin PBXTargetDependency section */
		0E34B826298E56AA005D3F67 /* PBXTargetDependency */ = {
			isa = PBXTargetDependency;
			target = 0E34B80A298E56A9005D3F67 /* Today */;
			targetProxy = 0E34B825298E56AA005D3F67 /* PBXContainerItemProxy */;
		};
		0E34B830298E56AA005D3F67 /* PBXTargetDependency */ = {
			isa = PBXTargetDependency;
			target = 0E34B80A298E56A9005D3F67 /* Today */;
			targetProxy = 0E34B82F298E56AA005D3F67 /* PBXContainerItemProxy */;
		};
/* End PBXTargetDependency section */

/* Begin PBXVariantGroup section */
		0E34B81C298E56AA005D3F67 /* LaunchScreen.storyboard */ = {
			isa = PBXVariantGroup;
			children = (
				0E34B81D298E56AA005D3F67 /* Base */,
			);
			name = LaunchScreen.storyboard;
			sourceTree = "<group>";
		};
/* End PBXVariantGroup section */

/* Begin XCBuildConfiguration section */
		0E34B836298E56AA005D3F67 /* Debug */ = {
			isa = XCBuildConfiguration;
			buildSettings = {
				ALWAYS_SEARCH_USER_PATHS = NO;
				CLANG_ANALYZER_NONNULL = YES;
				CLANG_ANALYZER_NUMBER_OBJECT_CONVERSION = YES_AGGRESSIVE;
				CLANG_CXX_LANGUAGE_STANDARD = "gnu++20";
				CLANG_ENABLE_MODULES = YES;
				CLANG_ENABLE_OBJC_ARC = YES;
				CLANG_ENABLE_OBJC_WEAK = YES;
				CLANG_WARN_BLOCK_CAPTURE_AUTORELEASING = YES;
				CLANG_WARN_BOOL_CONVERSION = YES;
				CLANG_WARN_COMMA = YES;
				CLANG_WARN_CONSTANT_CONVERSION = YES;
				CLANG_WARN_DEPRECATED_OBJC_IMPLEMENTATIONS = YES;
				CLANG_WARN_DIRECT_OBJC_ISA_USAGE = YES_ERROR;
				CLANG_WARN_DOCUMENTATION_COMMENTS = YES;
				CLANG_WARN_EMPTY_BODY = YES;
				CLANG_WARN_ENUM_CONVERSION = YES;
				CLANG_WARN_INFINITE_RECURSION = YES;
				CLANG_WARN_INT_CONVERSION = YES;
				CLANG_WARN_NON_LITERAL_NULL_CONVERSION = YES;
				CLANG_WARN_OBJC_IMPLICIT_RETAIN_SELF = YES;
				CLANG_WARN_OBJC_LITERAL_CONVERSION = YES;
				CLANG_WARN_OBJC_ROOT_CLASS = YES_ERROR;
				CLANG_WARN_QUOTED_INCLUDE_IN_FRAMEWORK_HEADER = YES;
				CLANG_WARN_RANGE_LOOP_ANALYSIS = YES;
				CLANG_WARN_STRICT_PROTOTYPES = YES;
				CLANG_WARN_SUSPICIOUS_MOVE = YES;
				CLANG_WARN_UNGUARDED_AVAILABILITY = YES_AGGRESSIVE;
				CLANG_WARN_UNREACHABLE_CODE = YES;
				CLANG_WARN__DUPLICATE_METHOD_MATCH = YES;
				COPY_PHASE_STRIP = NO;
				DEBUG_INFORMATION_FORMAT = dwarf;
				ENABLE_STRICT_OBJC_MSGSEND = YES;
				ENABLE_TESTABILITY = YES;
				GCC_C_LANGUAGE_STANDARD = gnu11;
				GCC_DYNAMIC_NO_PIC = NO;
				GCC_NO_COMMON_BLOCKS = YES;
				GCC_OPTIMIZATION_LEVEL = 0;
				GCC_PREPROCESSOR_DEFINITIONS = (
					"DEBUG=1",
					"$(inherited)",
				);
				GCC_WARN_64_TO_32_BIT_CONVERSION = YES;
				GCC_WARN_ABOUT_RETURN_TYPE = YES_ERROR;
				GCC_WARN_UNDECLARED_SELECTOR = YES;
				GCC_WARN_UNINITIALIZED_AUTOS = YES_AGGRESSIVE;
				GCC_WARN_UNUSED_FUNCTION = YES;
				GCC_WARN_UNUSED_VARIABLE = YES;
				IPHONEOS_DEPLOYMENT_TARGET = 16.2;
				MTL_ENABLE_DEBUG_INFO = INCLUDE_SOURCE;
				MTL_FAST_MATH = YES;
				ONLY_ACTIVE_ARCH = YES;
				SDKROOT = iphoneos;
				SWIFT_ACTIVE_COMPILATION_CONDITIONS = DEBUG;
				SWIFT_OPTIMIZATION_LEVEL = "-Onone";
			};
			name = Debug;
		};
		0E34B837298E56AA005D3F67 /* Release */ = {
			isa = XCBuildConfiguration;
			buildSettings = {
				ALWAYS_SEARCH_USER_PATHS = NO;
				CLANG_ANALYZER_NONNULL = YES;
				CLANG_ANALYZER_NUMBER_OBJECT_CONVERSION = YES_AGGRESSIVE;
				CLANG_CXX_LANGUAGE_STANDARD = "gnu++20";
				CLANG_ENABLE_MODULES = YES;
				CLANG_ENABLE_OBJC_ARC = YES;
				CLANG_ENABLE_OBJC_WEAK = YES;
				CLANG_WARN_BLOCK_CAPTURE_AUTORELEASING = YES;
				CLANG_WARN_BOOL_CONVERSION = YES;
				CLANG_WARN_COMMA = YES;
				CLANG_WARN_CONSTANT_CONVERSION = YES;
				CLANG_WARN_DEPRECATED_OBJC_IMPLEMENTATIONS = YES;
				CLANG_WARN_DIRECT_OBJC_ISA_USAGE = YES_ERROR;
				CLANG_WARN_DOCUMENTATION_COMMENTS = YES;
				CLANG_WARN_EMPTY_BODY = YES;
				CLANG_WARN_ENUM_CONVERSION = YES;
				CLANG_WARN_INFINITE_RECURSION = YES;
				CLANG_WARN_INT_CONVERSION = YES;
				CLANG_WARN_NON_LITERAL_NULL_CONVERSION = YES;
				CLANG_WARN_OBJC_IMPLICIT_RETAIN_SELF = YES;
				CLANG_WARN_OBJC_LITERAL_CONVERSION = YES;
				CLANG_WARN_OBJC_ROOT_CLASS = YES_ERROR;
				CLANG_WARN_QUOTED_INCLUDE_IN_FRAMEWORK_HEADER = YES;
				CLANG_WARN_RANGE_LOOP_ANALYSIS = YES;
				CLANG_WARN_STRICT_PROTOTYPES = YES;
				CLANG_WARN_SUSPICIOUS_MOVE = YES;
				CLANG_WARN_UNGUARDED_AVAILABILITY = YES_AGGRESSIVE;
				CLANG_WARN_UNREACHABLE_CODE = YES;
				CLANG_WARN__DUPLICATE_METHOD_MATCH = YES;
				COPY_PHASE_STRIP = NO;
				DEBUG_INFORMATION_FORMAT = "dwarf-with-dsym";
				ENABLE_NS_ASSERTIONS = NO;
				ENABLE_STRICT_OBJC_MSGSEND = YES;
				GCC_C_LANGUAGE_STANDARD = gnu11;
				GCC_NO_COMMON_BLOCKS = YES;
				GCC_WARN_64_TO_32_BIT_CONVERSION = YES;
				GCC_WARN_ABOUT_RETURN_TYPE = YES_ERROR;
				GCC_WARN_UNDECLARED_SELECTOR = YES;
				GCC_WARN_UNINITIALIZED_AUTOS = YES_AGGRESSIVE;
				GCC_WARN_UNUSED_FUNCTION = YES;
				GCC_WARN_UNUSED_VARIABLE = YES;
				IPHONEOS_DEPLOYMENT_TARGET = 16.2;
				MTL_ENABLE_DEBUG_INFO = NO;
				MTL_FAST_MATH = YES;
				SDKROOT = iphoneos;
				SWIFT_COMPILATION_MODE = wholemodule;
				SWIFT_OPTIMIZATION_LEVEL = "-O";
				VALIDATE_PRODUCT = YES;
			};
			name = Release;
		};
		0E34B839298E56AA005D3F67 /* Debug */ = {
			isa = XCBuildConfiguration;
			buildSettings = {
				ASSETCATALOG_COMPILER_APPICON_NAME = AppIcon;
				ASSETCATALOG_COMPILER_GLOBAL_ACCENT_COLOR_NAME = AccentColor;
				CODE_SIGN_STYLE = Automatic;
				CURRENT_PROJECT_VERSION = 1;
				DEVELOPMENT_TEAM = 92YDTRVDUA;
				GENERATE_INFOPLIST_FILE = YES;
				INFOPLIST_FILE = Today/Info.plist;
				INFOPLIST_KEY_UIApplicationSupportsIndirectInputEvents = YES;
				INFOPLIST_KEY_UILaunchStoryboardName = LaunchScreen;
				INFOPLIST_KEY_UIMainStoryboardFile = "";
				INFOPLIST_KEY_UISupportedInterfaceOrientations_iPad = "UIInterfaceOrientationPortrait UIInterfaceOrientationPortraitUpsideDown UIInterfaceOrientationLandscapeLeft UIInterfaceOrientationLandscapeRight";
				INFOPLIST_KEY_UISupportedInterfaceOrientations_iPhone = "UIInterfaceOrientationPortrait UIInterfaceOrientationLandscapeLeft UIInterfaceOrientationLandscapeRight";
				LD_RUNPATH_SEARCH_PATHS = (
					"$(inherited)",
					"@executable_path/Frameworks",
				);
				MARKETING_VERSION = 1.0;
				PRODUCT_BUNDLE_IDENTIFIER = com.Today;
				PRODUCT_NAME = "$(TARGET_NAME)";
				SWIFT_EMIT_LOC_STRINGS = YES;
				SWIFT_VERSION = 5.0;
				TARGETED_DEVICE_FAMILY = "1,2";
			};
			name = Debug;
		};
		0E34B83A298E56AA005D3F67 /* Release */ = {
			isa = XCBuildConfiguration;
			buildSettings = {
				ASSETCATALOG_COMPILER_APPICON_NAME = AppIcon;
				ASSETCATALOG_COMPILER_GLOBAL_ACCENT_COLOR_NAME = AccentColor;
				CODE_SIGN_STYLE = Automatic;
				CURRENT_PROJECT_VERSION = 1;
				DEVELOPMENT_TEAM = 92YDTRVDUA;
				GENERATE_INFOPLIST_FILE = YES;
				INFOPLIST_FILE = Today/Info.plist;
				INFOPLIST_KEY_UIApplicationSupportsIndirectInputEvents = YES;
				INFOPLIST_KEY_UILaunchStoryboardName = LaunchScreen;
				INFOPLIST_KEY_UIMainStoryboardFile = "";
				INFOPLIST_KEY_UISupportedInterfaceOrientations_iPad = "UIInterfaceOrientationPortrait UIInterfaceOrientationPortraitUpsideDown UIInterfaceOrientationLandscapeLeft UIInterfaceOrientationLandscapeRight";
				INFOPLIST_KEY_UISupportedInterfaceOrientations_iPhone = "UIInterfaceOrientationPortrait UIInterfaceOrientationLandscapeLeft UIInterfaceOrientationLandscapeRight";
				LD_RUNPATH_SEARCH_PATHS = (
					"$(inherited)",
					"@executable_path/Frameworks",
				);
				MARKETING_VERSION = 1.0;
				PRODUCT_BUNDLE_IDENTIFIER = com.Today;
				PRODUCT_NAME = "$(TARGET_NAME)";
				SWIFT_EMIT_LOC_STRINGS = YES;
				SWIFT_VERSION = 5.0;
				TARGETED_DEVICE_FAMILY = "1,2";
			};
			name = Release;
		};
		0E34B83C298E56AA005D3F67 /* Debug */ = {
			isa = XCBuildConfiguration;
			buildSettings = {
				ALWAYS_EMBED_SWIFT_STANDARD_LIBRARIES = YES;
				BUNDLE_LOADER = "$(TEST_HOST)";
				CODE_SIGN_STYLE = Automatic;
				CURRENT_PROJECT_VERSION = 1;
				DEVELOPMENT_TEAM = 92YDTRVDUA;
				GENERATE_INFOPLIST_FILE = YES;
				IPHONEOS_DEPLOYMENT_TARGET = 16.2;
				MARKETING_VERSION = 1.0;
				PRODUCT_BUNDLE_IDENTIFIER = com.TodayTests;
				PRODUCT_NAME = "$(TARGET_NAME)";
				SWIFT_EMIT_LOC_STRINGS = NO;
				SWIFT_VERSION = 5.0;
				TARGETED_DEVICE_FAMILY = "1,2";
				TEST_HOST = "$(BUILT_PRODUCTS_DIR)/Today.app/$(BUNDLE_EXECUTABLE_FOLDER_PATH)/Today";
			};
			name = Debug;
		};
		0E34B83D298E56AA005D3F67 /* Release */ = {
			isa = XCBuildConfiguration;
			buildSettings = {
				ALWAYS_EMBED_SWIFT_STANDARD_LIBRARIES = YES;
				BUNDLE_LOADER = "$(TEST_HOST)";
				CODE_SIGN_STYLE = Automatic;
				CURRENT_PROJECT_VERSION = 1;
				DEVELOPMENT_TEAM = 92YDTRVDUA;
				GENERATE_INFOPLIST_FILE = YES;
				IPHONEOS_DEPLOYMENT_TARGET = 16.2;
				MARKETING_VERSION = 1.0;
				PRODUCT_BUNDLE_IDENTIFIER = com.TodayTests;
				PRODUCT_NAME = "$(TARGET_NAME)";
				SWIFT_EMIT_LOC_STRINGS = NO;
				SWIFT_VERSION = 5.0;
				TARGETED_DEVICE_FAMILY = "1,2";
				TEST_HOST = "$(BUILT_PRODUCTS_DIR)/Today.app/$(BUNDLE_EXECUTABLE_FOLDER_PATH)/Today";
			};
			name = Release;
		};
		0E34B83F298E56AA005D3F67 /* Debug */ = {
			isa = XCBuildConfiguration;
			buildSettings = {
				ALWAYS_EMBED_SWIFT_STANDARD_LIBRARIES = YES;
				CODE_SIGN_STYLE = Automatic;
				CURRENT_PROJECT_VERSION = 1;
				DEVELOPMENT_TEAM = 92YDTRVDUA;
				GENERATE_INFOPLIST_FILE = YES;
				MARKETING_VERSION = 1.0;
				PRODUCT_BUNDLE_IDENTIFIER = com.TodayUITests;
				PRODUCT_NAME = "$(TARGET_NAME)";
				SWIFT_EMIT_LOC_STRINGS = NO;
				SWIFT_VERSION = 5.0;
				TARGETED_DEVICE_FAMILY = "1,2";
				TEST_TARGET_NAME = Today;
			};
			name = Debug;
		};
		0E34B840298E56AA005D3F67 /* Release */ = {
			isa = XCBuildConfiguration;
			buildSettings = {
				ALWAYS_EMBED_SWIFT_STANDARD_LIBRARIES = YES;
				CODE_SIGN_STYLE = Automatic;
				CURRENT_PROJECT_VERSION = 1;
				DEVELOPMENT_TEAM = 92YDTRVDUA;
				GENERATE_INFOPLIST_FILE = YES;
				MARKETING_VERSION = 1.0;
				PRODUCT_BUNDLE_IDENTIFIER = com.TodayUITests;
				PRODUCT_NAME = "$(TARGET_NAME)";
				SWIFT_EMIT_LOC_STRINGS = NO;
				SWIFT_VERSION = 5.0;
				TARGETED_DEVICE_FAMILY = "1,2";
				TEST_TARGET_NAME = Today;
			};
			name = Release;
		};
/* End XCBuildConfiguration section */

/* Begin XCConfigurationList section */
		0E34B806298E56A9005D3F67 /* Build configuration list for PBXProject "Today" */ = {
			isa = XCConfigurationList;
			buildConfigurations = (
				0E34B836298E56AA005D3F67 /* Debug */,
				0E34B837298E56AA005D3F67 /* Release */,
			);
			defaultConfigurationIsVisible = 0;
			defaultConfigurationName = Release;
		};
		0E34B838298E56AA005D3F67 /* Build configuration list for PBXNativeTarget "Today" */ = {
			isa = XCConfigurationList;
			buildConfigurations = (
				0E34B839298E56AA005D3F67 /* Debug */,
				0E34B83A298E56AA005D3F67 /* Release */,
			);
			defaultConfigurationIsVisible = 0;
			defaultConfigurationName = Release;
		};
		0E34B83B298E56AA005D3F67 /* Build configuration list for PBXNativeTarget "TodayTests" */ = {
			isa = XCConfigurationList;
			buildConfigurations = (
				0E34B83C298E56AA005D3F67 /* Debug */,
				0E34B83D298E56AA005D3F67 /* Release */,
			);
			defaultConfigurationIsVisible = 0;
			defaultConfigurationName = Release;
		};
		0E34B83E298E56AA005D3F67 /* Build configuration list for PBXNativeTarget "TodayUITests" */ = {
			isa = XCConfigurationList;
			buildConfigurations = (
				0E34B83F298E56AA005D3F67 /* Debug */,
				0E34B840298E56AA005D3F67 /* Release */,
			);
			defaultConfigurationIsVisible = 0;
			defaultConfigurationName = Release;
		};
/* End XCConfigurationList section */

/* Begin XCVersionGroup section */
		0E34B817298E56A9005D3F67 /* Today.xcdatamodeld */ = {
			isa = XCVersionGroup;
			children = (
				0E34B818298E56A9005D3F67 /* Today.xcdatamodel */,
			);
			currentVersion = 0E34B818298E56A9005D3F67 /* Today.xcdatamodel */;
			path = Today.xcdatamodeld;
			sourceTree = "<group>";
			versionGroupType = wrapper.xcdatamodel;
		};
/* End XCVersionGroup section */
	};
	rootObject = 0E34B803298E56A9005D3F67 /* Project object */;
}
